
Microsoft Visual Studio Solution File, Format Version 12.00
# Visual Studio Version 17
VisualStudioVersion = 17.6.33815.320
MinimumVisualStudioVersion = 10.0.40219.1
Project("{2150E333-8FDC-42A3-9474-1A3956D46DE8}") = "src", "src", "{25249C6D-8B72-4AAF-AFFE-34FC3598EFDD}"
EndProject
Project("{2150E333-8FDC-42A3-9474-1A3956D46DE8}") = "test", "test", "{AC738D0C-C051-408F-86C0-9828213BF846}"
EndProject
Project("{2150E333-8FDC-42A3-9474-1A3956D46DE8}") = "Common", "Common", "{2DDEBCB7-50E9-45DA-B29C-7E4858241CD0}"
EndProject
Project("{2150E333-8FDC-42A3-9474-1A3956D46DE8}") = "WebCore", "WebCore", "{24577869-4AC2-4FDF-922E-5D38F7FD542C}"
EndProject
Project("{2150E333-8FDC-42A3-9474-1A3956D46DE8}") = "DbAccess", "DbAccess", "{A36A8A2B-2294-4D4D-B54F-5E853ADBCEE9}"
EndProject
Project("{2150E333-8FDC-42A3-9474-1A3956D46DE8}") = "Component", "Component", "{CCB7098E-81D9-483B-B244-918A3EAC1114}"
EndProject
Project("{2150E333-8FDC-42A3-9474-1A3956D46DE8}") = "Model", "Model", "{81F19564-19A4-4F01-A706-8E02DB6CE1E7}"
EndProject
Project("{2150E333-8FDC-42A3-9474-1A3956D46DE8}") = "Business", "Business", "{238B046C-B1AC-45B1-848A-38F00D44373B}"
EndProject
Project("{2150E333-8FDC-42A3-9474-1A3956D46DE8}") = "WebHost", "WebHost", "{C6873328-0CF9-4831-B8A2-B59532751C36}"
EndProject
Project("{9A19103F-16F7-4668-BE54-9A1E7A4F7556}") = "MS.Common", "src\MS.Common\MS.Common.csproj", "{147A4E43-DACB-4B8D-BBC6-11725CC6537C}"
EndProject
Project("{9A19103F-16F7-4668-BE54-9A1E7A4F7556}") = "MS.Entities", "src\MS.Entities\MS.Entities.csproj", "{26E65D6A-1CC3-4648-A778-E5A3660A4E82}"
EndProject
Project("{9A19103F-16F7-4668-BE54-9A1E7A4F7556}") = "MS.WebCore", "src\MS.WebCore\MS.WebCore.csproj", "{8BED0D56-CDCE-498F-B3EF-DC31A3E1A4D7}"
EndProject
Project("{9A19103F-16F7-4668-BE54-9A1E7A4F7556}") = "MS.UnitOfWork", "src\MS.UnitOfWork\MS.UnitOfWork.csproj", "{8925F921-A135-4F8D-8755-A2F813A9E6F3}"
EndProject
Project("{9A19103F-16F7-4668-BE54-9A1E7A4F7556}") = "MS.DbContexts", "src\MS.DbContexts\MS.DbContexts.csproj", "{2884C2B2-D50D-47C5-BE93-8F91BF3D9E91}"
EndProject
Project("{9A19103F-16F7-4668-BE54-9A1E7A4F7556}") = "MS.Component.Aop", "src\MS.Component.Aop\MS.Component.Aop.csproj", "{33DFC22F-6EDC-4FE2-A73F-35F61C21DF90}"
EndProject
Project("{9A19103F-16F7-4668-BE54-9A1E7A4F7556}") = "MS.Component.Jwt", "src\MS.Component.Jwt\MS.Component.Jwt.csproj", "{1823F719-DC75-4685-9167-F08BF01FA8A4}"
EndProject
Project("{9A19103F-16F7-4668-BE54-9A1E7A4F7556}") = "MS.Models", "src\MS.Models\MS.Models.csproj", "{C9F35E76-948A-4BB0-A9AE-6D2E5D38B7FF}"
EndProject
Project("{9A19103F-16F7-4668-BE54-9A1E7A4F7556}") = "MS.Services", "src\MS.Services\MS.Services.csproj", "{59E6D702-45EF-443C-BB1F-F2C86E803158}"
EndProject
Project("{9A19103F-16F7-4668-BE54-9A1E7A4F7556}") = "MS.WebApi", "src\MS.WebApi\MS.WebApi.csproj", "{73FD1580-A556-496C-8A03-CED493BB9D75}"
EndProject
Global
	GlobalSection(SolutionConfigurationPlatforms) = preSolution
		Debug|Any CPU = Debug|Any CPU
		Release|Any CPU = Release|Any CPU
	EndGlobalSection
	GlobalSection(ProjectConfigurationPlatforms) = postSolution
		{147A4E43-DACB-4B8D-BBC6-11725CC6537C}.Debug|Any CPU.ActiveCfg = Debug|Any CPU
		{147A4E43-DACB-4B8D-BBC6-11725CC6537C}.Debug|Any CPU.Build.0 = Debug|Any CPU
		{147A4E43-DACB-4B8D-BBC6-11725CC6537C}.Release|Any CPU.ActiveCfg = Release|Any CPU
		{147A4E43-DACB-4B8D-BBC6-11725CC6537C}.Release|Any CPU.Build.0 = Release|Any CPU
		{26E65D6A-1CC3-4648-A778-E5A3660A4E82}.Debug|Any CPU.ActiveCfg = Debug|Any CPU
		{26E65D6A-1CC3-4648-A778-E5A3660A4E82}.Debug|Any CPU.Build.0 = Debug|Any CPU
		{26E65D6A-1CC3-4648-A778-E5A3660A4E82}.Release|Any CPU.ActiveCfg = Release|Any CPU
		{26E65D6A-1CC3-4648-A778-E5A3660A4E82}.Release|Any CPU.Build.0 = Release|Any CPU
		{8BED0D56-CDCE-498F-B3EF-DC31A3E1A4D7}.Debug|Any CPU.ActiveCfg = Debug|Any CPU
		{8BED0D56-CDCE-498F-B3EF-DC31A3E1A4D7}.Debug|Any CPU.Build.0 = Debug|Any CPU
		{8BED0D56-CDCE-498F-B3EF-DC31A3E1A4D7}.Release|Any CPU.ActiveCfg = Release|Any CPU
		{8BED0D56-CDCE-498F-B3EF-DC31A3E1A4D7}.Release|Any CPU.Build.0 = Release|Any CPU
		{8925F921-A135-4F8D-8755-A2F813A9E6F3}.Debug|Any CPU.ActiveCfg = Debug|Any CPU
		{8925F921-A135-4F8D-8755-A2F813A9E6F3}.Debug|Any CPU.Build.0 = Debug|Any CPU
		{8925F921-A135-4F8D-8755-A2F813A9E6F3}.Release|Any CPU.ActiveCfg = Release|Any CPU
		{8925F921-A135-4F8D-8755-A2F813A9E6F3}.Release|Any CPU.Build.0 = Release|Any CPU
		{2884C2B2-D50D-47C5-BE93-8F91BF3D9E91}.Debug|Any CPU.ActiveCfg = Debug|Any CPU
		{2884C2B2-D50D-47C5-BE93-8F91BF3D9E91}.Debug|Any CPU.Build.0 = Debug|Any CPU
		{2884C2B2-D50D-47C5-BE93-8F91BF3D9E91}.Release|Any CPU.ActiveCfg = Release|Any CPU
		{2884C2B2-D50D-47C5-BE93-8F91BF3D9E91}.Release|Any CPU.Build.0 = Release|Any CPU
		{33DFC22F-6EDC-4FE2-A73F-35F61C21DF90}.Debug|Any CPU.ActiveCfg = Debug|Any CPU
		{33DFC22F-6EDC-4FE2-A73F-35F61C21DF90}.Debug|Any CPU.Build.0 = Debug|Any CPU
		{33DFC22F-6EDC-4FE2-A73F-35F61C21DF90}.Release|Any CPU.ActiveCfg = Release|Any CPU
		{33DFC22F-6EDC-4FE2-A73F-35F61C21DF90}.Release|Any CPU.Build.0 = Release|Any CPU
		{1823F719-DC75-4685-9167-F08BF01FA8A4}.Debug|Any CPU.ActiveCfg = Debug|Any CPU
		{1823F719-DC75-4685-9167-F08BF01FA8A4}.Debug|Any CPU.Build.0 = Debug|Any CPU
		{1823F719-DC75-4685-9167-F08BF01FA8A4}.Release|Any CPU.ActiveCfg = Release|Any CPU
		{1823F719-DC75-4685-9167-F08BF01FA8A4}.Release|Any CPU.Build.0 = Release|Any CPU
		{C9F35E76-948A-4BB0-A9AE-6D2E5D38B7FF}.Debug|Any CPU.ActiveCfg = Debug|Any CPU
		{C9F35E76-948A-4BB0-A9AE-6D2E5D38B7FF}.Debug|Any CPU.Build.0 = Debug|Any CPU
		{C9F35E76-948A-4BB0-A9AE-6D2E5D38B7FF}.Release|Any CPU.ActiveCfg = Release|Any CPU
		{C9F35E76-948A-4BB0-A9AE-6D2E5D38B7FF}.Release|Any CPU.Build.0 = Release|Any CPU
		{59E6D702-45EF-443C-BB1F-F2C86E803158}.Debug|Any CPU.ActiveCfg = Debug|Any CPU
		{59E6D702-45EF-443C-BB1F-F2C86E803158}.Debug|Any CPU.Build.0 = Debug|Any CPU
		{59E6D702-45EF-443C-BB1F-F2C86E803158}.Release|Any CPU.ActiveCfg = Release|Any CPU
		{59E6D702-45EF-443C-BB1F-F2C86E803158}.Release|Any CPU.Build.0 = Release|Any CPU
		{73FD1580-A556-496C-8A03-CED493BB9D75}.Debug|Any CPU.ActiveCfg = Debug|Any CPU
		{73FD1580-A556-496C-8A03-CED493BB9D75}.Debug|Any CPU.Build.0 = Debug|Any CPU
		{73FD1580-A556-496C-8A03-CED493BB9D75}.Release|Any CPU.ActiveCfg = Release|Any CPU
		{73FD1580-A556-496C-8A03-CED493BB9D75}.Release|Any CPU.Build.0 = Release|Any CPU
	EndGlobalSection
	GlobalSection(SolutionProperties) = preSolution
		HideSolutionNode = FALSE
	EndGlobalSection
	GlobalSection(NestedProjects) = preSolution
		{2DDEBCB7-50E9-45DA-B29C-7E4858241CD0} = {25249C6D-8B72-4AAF-AFFE-34FC3598EFDD}
		{24577869-4AC2-4FDF-922E-5D38F7FD542C} = {25249C6D-8B72-4AAF-AFFE-34FC3598EFDD}
		{A36A8A2B-2294-4D4D-B54F-5E853ADBCEE9} = {25249C6D-8B72-4AAF-AFFE-34FC3598EFDD}
		{CCB7098E-81D9-483B-B244-918A3EAC1114} = {25249C6D-8B72-4AAF-AFFE-34FC3598EFDD}
		{81F19564-19A4-4F01-A706-8E02DB6CE1E7} = {25249C6D-8B72-4AAF-AFFE-34FC3598EFDD}
		{238B046C-B1AC-45B1-848A-38F00D44373B} = {25249C6D-8B72-4AAF-AFFE-34FC3598EFDD}
		{C6873328-0CF9-4831-B8A2-B59532751C36} = {25249C6D-8B72-4AAF-AFFE-34FC3598EFDD}
		{147A4E43-DACB-4B8D-BBC6-11725CC6537C} = {2DDEBCB7-50E9-45DA-B29C-7E4858241CD0}
		{26E65D6A-1CC3-4648-A778-E5A3660A4E82} = {24577869-4AC2-4FDF-922E-5D38F7FD542C}
		{8BED0D56-CDCE-498F-B3EF-DC31A3E1A4D7} = {24577869-4AC2-4FDF-922E-5D38F7FD542C}
		{8925F921-A135-4F8D-8755-A2F813A9E6F3} = {A36A8A2B-2294-4D4D-B54F-5E853ADBCEE9}
		{2884C2B2-D50D-47C5-BE93-8F91BF3D9E91} = {A36A8A2B-2294-4D4D-B54F-5E853ADBCEE9}
		{33DFC22F-6EDC-4FE2-A73F-35F61C21DF90} = {CCB7098E-81D9-483B-B244-918A3EAC1114}
		{1823F719-DC75-4685-9167-F08BF01FA8A4} = {CCB7098E-81D9-483B-B244-918A3EAC1114}
		{C9F35E76-948A-4BB0-A9AE-6D2E5D38B7FF} = {81F19564-19A4-4F01-A706-8E02DB6CE1E7}
		{59E6D702-45EF-443C-BB1F-F2C86E803158} = {238B046C-B1AC-45B1-848A-38F00D44373B}
		{73FD1580-A556-496C-8A03-CED493BB9D75} = {C6873328-0CF9-4831-B8A2-B59532751C36}
	EndGlobalSection
	GlobalSection(ExtensibilityGlobals) = postSolution
		SolutionGuid = {9DE14F0A-6D7E-4289-BB58-8B36C54CA17C}
	EndGlobalSection
EndGlobal
